
Microsoft Visual Studio Solution File, Format Version 12.00
# Visual Studio Version 17
VisualStudioVersion = 17.10.35027.167
MinimumVisualStudioVersion = 10.0.40219.1
Project("{FAE04EC0-301F-11D3-BF4B-00C04F79EFBC}") = "TestSoundcloudApi", "TestSoundcloudApi.csproj", "{AA34D035-37FF-4C00-BD27-C7F93DC7E35E}"
EndProject
Global
	GlobalSection(SolutionConfigurationPlatforms) = preSolution
		Debug|Any CPU = Debug|Any CPU
		Release|Any CPU = Release|Any CPU
	EndGlobalSection
	GlobalSection(ProjectConfigurationPlatforms) = postSolution
		{AA34D035-37FF-4C00-BD27-C7F93DC7E35E}.Debug|Any CPU.ActiveCfg = Debug|Any CPU
		{AA34D035-37FF-4C00-BD27-C7F93DC7E35E}.Debug|Any CPU.Build.0 = Debug|Any CPU
		{AA34D035-37FF-4C00-BD27-C7F93DC7E35E}.Release|Any CPU.ActiveCfg = Release|Any CPU
		{AA34D035-37FF-4C00-BD27-C7F93DC7E35E}.Release|Any CPU.Build.0 = Release|Any CPU
	EndGlobalSection
	GlobalSection(SolutionProperties) = preSolution
		HideSolutionNode = FALSE
	EndGlobalSection
	GlobalSection(ExtensibilityGlobals) = postSolution
		SolutionGuid = {E57829C0-5EAD-4BD4-B23F-8A4AEA4C4A32}
	EndGlobalSection
EndGlobal
